# THIS IS AN AUTOGENERATED FILE. DO NOT EDIT THIS FILE DIRECTLY.
# yarn lockfile v1


react-icons@^4.10.1:
  version "4.10.1"
  resolved "https://registry.yarnpkg.com/react-icons/-/react-icons-4.10.1.tgz#3f3b5eec1f63c1796f6a26174a1091ca6437a500"
  integrity sha512-/ngzDP/77tlCfqthiiGNZeYFACw85fUjZtLbedmJ5DTlNDIwETxhwBzdOJ21zj4iJdvc0J3y7yOsX3PpxAJzrw==
